// !$*UTF8*$!
{
	archiveVersion = 1;
	classes = {
	};
	objectVersion = 56;
	objects = {

/* Begin PBXBuildFile section */
		8C0A02862BD50286002DB08A /* AppDelegate.swift in Sources */ = {isa = PBXBuildFile; fileRef = 8C0A02852BD50286002DB08A /* AppDelegate.swift */; };
		8C0A02882BD50286002DB08A /* SceneDelegate.swift in Sources */ = {isa = PBXBuildFile; fileRef = 8C0A02872BD50286002DB08A /* SceneDelegate.swift */; };
		8C0A028A2BD50286002DB08A /* CountriesVC.swift in Sources */ = {isa = PBXBuildFile; fileRef = 8C0A02892BD50286002DB08A /* CountriesVC.swift */; };
		8C0A028F2BD50288002DB08A /* Assets.xcassets in Resources */ = {isa = PBXBuildFile; fileRef = 8C0A028E2BD50288002DB08A /* Assets.xcassets */; };
		8C0A02922BD50288002DB08A /* Base in Resources */ = {isa = PBXBuildFile; fileRef = 8C0A02912BD50288002DB08A /* Base */; };
		8C0A029D2BD503FD002DB08A /* DetailsVC.swift in Sources */ = {isa = PBXBuildFile; fileRef = 8C0A029C2BD503FD002DB08A /* DetailsVC.swift */; };
		8C0A02A02BD5042B002DB08A /* Country.swift in Sources */ = {isa = PBXBuildFile; fileRef = 8C0A029F2BD5042B002DB08A /* Country.swift */; };
		8C0A02A32BD50494002DB08A /* NetworkManager.swift in Sources */ = {isa = PBXBuildFile; fileRef = 8C0A02A22BD50494002DB08A /* NetworkManager.swift */; };
		8C0A02A52BD504AA002DB08A /* ImageDownloader.swift in Sources */ = {isa = PBXBuildFile; fileRef = 8C0A02A42BD504AA002DB08A /* ImageDownloader.swift */; };
		8C0A02AB2BD50900002DB08A /* CountryCell.swift in Sources */ = {isa = PBXBuildFile; fileRef = 8C0A02AA2BD50900002DB08A /* CountryCell.swift */; };
		8C0EEF102BDC3D51000140BF /* LoginVC.swift in Sources */ = {isa = PBXBuildFile; fileRef = 8C0EEF0F2BDC3D51000140BF /* LoginVC.swift */; };
		8C0EEF142BDC5F9E000140BF /* LoginViewModel.swift in Sources */ = {isa = PBXBuildFile; fileRef = 8C0EEF132BDC5F9E000140BF /* LoginViewModel.swift */; };
		8C0EEF172BDC621C000140BF /* FiraGO-Medium.ttf in Resources */ = {isa = PBXBuildFile; fileRef = 8C0EEF162BDC621B000140BF /* FiraGO-Medium.ttf */; };
		8CE55D3A2BD980C40009AEFB /* CountryViewModel.swift in Sources */ = {isa = PBXBuildFile; fileRef = 8CE55D392BD980C40009AEFB /* CountryViewModel.swift */; };
		8CE55D3C2BD9918C0009AEFB /* DetailsViewModel.swift in Sources */ = {isa = PBXBuildFile; fileRef = 8CE55D3B2BD9918C0009AEFB /* DetailsViewModel.swift */; };
		8CE55D3F2BDA2F570009AEFB /* CountryCellViewModel.swift in Sources */ = {isa = PBXBuildFile; fileRef = 8CE55D3E2BDA2F570009AEFB /* CountryCellViewModel.swift */; };
		8CE55D422BDADE310009AEFB /* UIColor+DarkMode.swift in Sources */ = {isa = PBXBuildFile; fileRef = 8CE55D412BDADE310009AEFB /* UIColor+DarkMode.swift */; };
/* End PBXBuildFile section */

/* Begin PBXFileReference section */
		8C0A02822BD50286002DB08A /* Countries.app */ = {isa = PBXFileReference; explicitFileType = wrapper.application; includeInIndex = 0; path = Countries.app; sourceTree = BUILT_PRODUCTS_DIR; };
		8C0A02852BD50286002DB08A /* AppDelegate.swift */ = {isa = PBXFileReference; lastKnownFileType = sourcecode.swift; path = AppDelegate.swift; sourceTree = "<group>"; };
		8C0A02872BD50286002DB08A /* SceneDelegate.swift */ = {isa = PBXFileReference; lastKnownFileType = sourcecode.swift; path = SceneDelegate.swift; sourceTree = "<group>"; };
		8C0A02892BD50286002DB08A /* CountriesVC.swift */ = {isa = PBXFileReference; lastKnownFileType = sourcecode.swift; path = CountriesVC.swift; sourceTree = "<group>"; };
		8C0A028E2BD50288002DB08A /* Assets.xcassets */ = {isa = PBXFileReference; lastKnownFileType = folder.assetcatalog; path = Assets.xcassets; sourceTree = "<group>"; };
		8C0A02912BD50288002DB08A /* Base */ = {isa = PBXFileReference; lastKnownFileType = file.storyboard; name = Base; path = Base.lproj/LaunchScreen.storyboard; sourceTree = "<group>"; };
		8C0A02932BD50288002DB08A /* Info.plist */ = {isa = PBXFileReference; lastKnownFileType = text.plist.xml; path = Info.plist; sourceTree = "<group>"; };
		8C0A029C2BD503FD002DB08A /* DetailsVC.swift */ = {isa = PBXFileReference; lastKnownFileType = sourcecode.swift; path = DetailsVC.swift; sourceTree = "<group>"; };
		8C0A029F2BD5042B002DB08A /* Country.swift */ = {isa = PBXFileReference; lastKnownFileType = sourcecode.swift; path = Country.swift; sourceTree = "<group>"; };
		8C0A02A22BD50494002DB08A /* NetworkManager.swift */ = {isa = PBXFileReference; lastKnownFileType = sourcecode.swift; path = NetworkManager.swift; sourceTree = "<group>"; };
		8C0A02A42BD504AA002DB08A /* ImageDownloader.swift */ = {isa = PBXFileReference; lastKnownFileType = sourcecode.swift; path = ImageDownloader.swift; sourceTree = "<group>"; };
		8C0A02AA2BD50900002DB08A /* CountryCell.swift */ = {isa = PBXFileReference; lastKnownFileType = sourcecode.swift; path = CountryCell.swift; sourceTree = "<group>"; };
		8C0EEF0F2BDC3D51000140BF /* LoginVC.swift */ = {isa = PBXFileReference; lastKnownFileType = sourcecode.swift; path = LoginVC.swift; sourceTree = "<group>"; };
		8C0EEF132BDC5F9E000140BF /* LoginViewModel.swift */ = {isa = PBXFileReference; fileEncoding = 4; lastKnownFileType = sourcecode.swift; path = LoginViewModel.swift; sourceTree = "<group>"; };
		8C0EEF162BDC621B000140BF /* FiraGO-Medium.ttf */ = {isa = PBXFileReference; lastKnownFileType = file; path = "FiraGO-Medium.ttf"; sourceTree = "<group>"; };
		8CE55D392BD980C40009AEFB /* CountryViewModel.swift */ = {isa = PBXFileReference; lastKnownFileType = sourcecode.swift; path = CountryViewModel.swift; sourceTree = "<group>"; };
		8CE55D3B2BD9918C0009AEFB /* DetailsViewModel.swift */ = {isa = PBXFileReference; lastKnownFileType = sourcecode.swift; path = DetailsViewModel.swift; sourceTree = "<group>"; };
		8CE55D3E2BDA2F570009AEFB /* CountryCellViewModel.swift */ = {isa = PBXFileReference; lastKnownFileType = sourcecode.swift; path = CountryCellViewModel.swift; sourceTree = "<group>"; };
		8CE55D412BDADE310009AEFB /* UIColor+DarkMode.swift */ = {isa = PBXFileReference; lastKnownFileType = sourcecode.swift; path = "UIColor+DarkMode.swift"; sourceTree = "<group>"; };
/* End PBXFileReference section */

/* Begin PBXFrameworksBuildPhase section */
		8C0A027F2BD50286002DB08A /* Frameworks */ = {
			isa = PBXFrameworksBuildPhase;
			buildActionMask = 2147483647;
			files = (
			);
			runOnlyForDeploymentPostprocessing = 0;
		};
/* End PBXFrameworksBuildPhase section */

/* Begin PBXGroup section */
		8C0A02792BD50286002DB08A = {
			isa = PBXGroup;
			children = (
				8C0A02842BD50286002DB08A /* Countries */,
				8C0A02832BD50286002DB08A /* Products */,
			);
			sourceTree = "<group>";
		};
		8C0A02832BD50286002DB08A /* Products */ = {
			isa = PBXGroup;
			children = (
				8C0A02822BD50286002DB08A /* Countries.app */,
			);
			name = Products;
			sourceTree = "<group>";
		};
		8C0A02842BD50286002DB08A /* Countries */ = {
			isa = PBXGroup;
			children = (
				8C4DDC2B2BDE405100F75F35 /* Supporting Files */,
				8C0A029A2BD502C1002DB08A /* App */,
				8C0A02A92BD508DF002DB08A /* CustomViews */,
				8C0A02992BD502B3002DB08A /* Scenes */,
				8C0A029E2BD50404002DB08A /* Model */,
				8C0A02A12BD5047E002DB08A /* Networking */,
				8CE55D402BDADE0E0009AEFB /* Utilities */,
				8C0A029B2BD502CC002DB08A /* Resources */,
			);
			path = Countries;
			sourceTree = "<group>";
		};
		8C0A02992BD502B3002DB08A /* Scenes */ = {
			isa = PBXGroup;
			children = (
				8C4DDC302BDE417600F75F35 /* Login */,
				8C4DDC2D2BDE409600F75F35 /* Country */,
			);
			path = Scenes;
			sourceTree = "<group>";
		};
		8C0A029A2BD502C1002DB08A /* App */ = {
			isa = PBXGroup;
			children = (
				8C0A02872BD50286002DB08A /* SceneDelegate.swift */,
				8C0A02852BD50286002DB08A /* AppDelegate.swift */,
			);
			path = App;
			sourceTree = "<group>";
		};
		8C0A029B2BD502CC002DB08A /* Resources */ = {
			isa = PBXGroup;
			children = (
				8C0EEF152BDC61DA000140BF /* Font */,
				8C0A028E2BD50288002DB08A /* Assets.xcassets */,
				8C0A02932BD50288002DB08A /* Info.plist */,
			);
			path = Resources;
			sourceTree = "<group>";
		};
		8C0A029E2BD50404002DB08A /* Model */ = {
			isa = PBXGroup;
			children = (
				8C0A029F2BD5042B002DB08A /* Country.swift */,
			);
			path = Model;
			sourceTree = "<group>";
		};
		8C0A02A12BD5047E002DB08A /* Networking */ = {
			isa = PBXGroup;
			children = (
				8C0A02A22BD50494002DB08A /* NetworkManager.swift */,
				8C0A02A42BD504AA002DB08A /* ImageDownloader.swift */,
			);
			path = Networking;
			sourceTree = "<group>";
		};
		8C0A02A92BD508DF002DB08A /* CustomViews */ = {
			isa = PBXGroup;
			children = (
				8C4DDC312BDE420B00F75F35 /* CountryCell */,
			);
			path = CustomViews;
			sourceTree = "<group>";
		};
		8C0EEF152BDC61DA000140BF /* Font */ = {
			isa = PBXGroup;
			children = (
				8C0EEF162BDC621B000140BF /* FiraGO-Medium.ttf */,
			);
			path = Font;
			sourceTree = "<group>";
		};
		8C4DDC2B2BDE405100F75F35 /* Supporting Files */ = {
			isa = PBXGroup;
			children = (
				8C4DDC2C2BDE406900F75F35 /* Launch */,
			);
			path = "Supporting Files";
			sourceTree = "<group>";
		};
		8C4DDC2C2BDE406900F75F35 /* Launch */ = {
			isa = PBXGroup;
			children = (
				8C0A02902BD50288002DB08A /* LaunchScreen.storyboard */,
			);
			path = Launch;
			sourceTree = "<group>";
		};
		8C4DDC2D2BDE409600F75F35 /* Country */ = {
			isa = PBXGroup;
			children = (
				8C4DDC2F2BDE40CC00F75F35 /* Details */,
				8C4DDC2E2BDE40C300F75F35 /* Main */,
			);
			path = Country;
			sourceTree = "<group>";
		};
		8C4DDC2E2BDE40C300F75F35 /* Main */ = {
			isa = PBXGroup;
			children = (
				8C0A02892BD50286002DB08A /* CountriesVC.swift */,
				8CE55D392BD980C40009AEFB /* CountryViewModel.swift */,
			);
			path = Main;
			sourceTree = "<group>";
		};
		8C4DDC2F2BDE40CC00F75F35 /* Details */ = {
			isa = PBXGroup;
			children = (
				8C0A029C2BD503FD002DB08A /* DetailsVC.swift */,
				8CE55D3B2BD9918C0009AEFB /* DetailsViewModel.swift */,
			);
			path = Details;
			sourceTree = "<group>";
		};
		8C4DDC302BDE417600F75F35 /* Login */ = {
			isa = PBXGroup;
			children = (
				8C0EEF132BDC5F9E000140BF /* LoginViewModel.swift */,
				8C0EEF0F2BDC3D51000140BF /* LoginVC.swift */,
			);
			path = Login;
			sourceTree = "<group>";
		};
		8C4DDC312BDE420B00F75F35 /* CountryCell */ = {
			isa = PBXGroup;
			children = (
				8CE55D3E2BDA2F570009AEFB /* CountryCellViewModel.swift */,
				8C0A02AA2BD50900002DB08A /* CountryCell.swift */,
			);
			path = CountryCell;
			sourceTree = "<group>";
		};
		8CE55D402BDADE0E0009AEFB /* Utilities */ = {
			isa = PBXGroup;
			children = (
				8CE55D412BDADE310009AEFB /* UIColor+DarkMode.swift */,
			);
			path = Utilities;
			sourceTree = "<group>";
		};
/* End PBXGroup section */

/* Begin PBXNativeTarget section */
		8C0A02812BD50286002DB08A /* Countries */ = {
			isa = PBXNativeTarget;
			buildConfigurationList = 8C0A02962BD50288002DB08A /* Build configuration list for PBXNativeTarget "Countries" */;
			buildPhases = (
				8C0A027E2BD50286002DB08A /* Sources */,
				8C0A027F2BD50286002DB08A /* Frameworks */,
				8C0A02802BD50286002DB08A /* Resources */,
			);
			buildRules = (
			);
			dependencies = (
			);
			name = Countries;
			productName = Countries;
			productReference = 8C0A02822BD50286002DB08A /* Countries.app */;
			productType = "com.apple.product-type.application";
		};
/* End PBXNativeTarget section */

/* Begin PBXProject section */
		8C0A027A2BD50286002DB08A /* Project object */ = {
			isa = PBXProject;
			attributes = {
				BuildIndependentTargetsInParallel = 1;
				LastSwiftUpdateCheck = 1530;
				LastUpgradeCheck = 1530;
				TargetAttributes = {
					8C0A02812BD50286002DB08A = {
						CreatedOnToolsVersion = 15.3;
					};
				};
			};
			buildConfigurationList = 8C0A027D2BD50286002DB08A /* Build configuration list for PBXProject "Countries" */;
			compatibilityVersion = "Xcode 14.0";
			developmentRegion = en;
			hasScannedForEncodings = 0;
			knownRegions = (
				en,
				Base,
			);
			mainGroup = 8C0A02792BD50286002DB08A;
			productRefGroup = 8C0A02832BD50286002DB08A /* Products */;
			projectDirPath = "";
			projectRoot = "";
			targets = (
				8C0A02812BD50286002DB08A /* Countries */,
			);
		};
/* End PBXProject section */

/* Begin PBXResourcesBuildPhase section */
		8C0A02802BD50286002DB08A /* Resources */ = {
			isa = PBXResourcesBuildPhase;
			buildActionMask = 2147483647;
			files = (
				8C0A028F2BD50288002DB08A /* Assets.xcassets in Resources */,
				8C0A02922BD50288002DB08A /* Base in Resources */,
				8C0EEF172BDC621C000140BF /* FiraGO-Medium.ttf in Resources */,
			);
			runOnlyForDeploymentPostprocessing = 0;
		};
/* End PBXResourcesBuildPhase section */

/* Begin PBXSourcesBuildPhase section */
		8C0A027E2BD50286002DB08A /* Sources */ = {
			isa = PBXSourcesBuildPhase;
			buildActionMask = 2147483647;
			files = (
				8CE55D422BDADE310009AEFB /* UIColor+DarkMode.swift in Sources */,
				8C0A02A32BD50494002DB08A /* NetworkManager.swift in Sources */,
				8C0EEF102BDC3D51000140BF /* LoginVC.swift in Sources */,
				8C0A028A2BD50286002DB08A /* CountriesVC.swift in Sources */,
				8C0A02A52BD504AA002DB08A /* ImageDownloader.swift in Sources */,
				8CE55D3A2BD980C40009AEFB /* CountryViewModel.swift in Sources */,
				8C0A029D2BD503FD002DB08A /* DetailsVC.swift in Sources */,
				8C0A02862BD50286002DB08A /* AppDelegate.swift in Sources */,
				8C0EEF142BDC5F9E000140BF /* LoginViewModel.swift in Sources */,
				8C0A02A02BD5042B002DB08A /* Country.swift in Sources */,
				8CE55D3F2BDA2F570009AEFB /* CountryCellViewModel.swift in Sources */,
				8CE55D3C2BD9918C0009AEFB /* DetailsViewModel.swift in Sources */,
				8C0A02882BD50286002DB08A /* SceneDelegate.swift in Sources */,
				8C0A02AB2BD50900002DB08A /* CountryCell.swift in Sources */,
			);
			runOnlyForDeploymentPostprocessing = 0;
		};
/* End PBXSourcesBuildPhase section */

/* Begin PBXVariantGroup section */
		8C0A02902BD50288002DB08A /* LaunchScreen.storyboard */ = {
			isa = PBXVariantGroup;
			children = (
				8C0A02912BD50288002DB08A /* Base */,
			);
			name = LaunchScreen.storyboard;
			sourceTree = "<group>";
		};
/* End PBXVariantGroup section */

/* Begin XCBuildConfiguration section */
		8C0A02942BD50288002DB08A /* Debug */ = {
			isa = XCBuildConfiguration;
			buildSettings = {
				ALWAYS_SEARCH_USER_PATHS = NO;
				ASSETCATALOG_COMPILER_GENERATE_SWIFT_ASSET_SYMBOL_EXTENSIONS = YES;
				CLANG_ANALYZER_NONNULL = YES;
				CLANG_ANALYZER_NUMBER_OBJECT_CONVERSION = YES_AGGRESSIVE;
				CLANG_CXX_LANGUAGE_STANDARD = "gnu++20";
				CLANG_ENABLE_MODULES = YES;
				CLANG_ENABLE_OBJC_ARC = YES;
				CLANG_ENABLE_OBJC_WEAK = YES;
				CLANG_WARN_BLOCK_CAPTURE_AUTORELEASING = YES;
				CLANG_WARN_BOOL_CONVERSION = YES;
				CLANG_WARN_COMMA = YES;
				CLANG_WARN_CONSTANT_CONVERSION = YES;
				CLANG_WARN_DEPRECATED_OBJC_IMPLEMENTATIONS = YES;
				CLANG_WARN_DIRECT_OBJC_ISA_USAGE = YES_ERROR;
				CLANG_WARN_DOCUMENTATION_COMMENTS = YES;
				CLANG_WARN_EMPTY_BODY = YES;
				CLANG_WARN_ENUM_CONVERSION = YES;
				CLANG_WARN_INFINITE_RECURSION = YES;
				CLANG_WARN_INT_CONVERSION = YES;
				CLANG_WARN_NON_LITERAL_NULL_CONVERSION = YES;
				CLANG_WARN_OBJC_IMPLICIT_RETAIN_SELF = YES;
				CLANG_WARN_OBJC_LITERAL_CONVERSION = YES;
				CLANG_WARN_OBJC_ROOT_CLASS = YES_ERROR;
				CLANG_WARN_QUOTED_INCLUDE_IN_FRAMEWORK_HEADER = YES;
				CLANG_WARN_RANGE_LOOP_ANALYSIS = YES;
				CLANG_WARN_STRICT_PROTOTYPES = YES;
				CLANG_WARN_SUSPICIOUS_MOVE = YES;
				CLANG_WARN_UNGUARDED_AVAILABILITY = YES_AGGRESSIVE;
				CLANG_WARN_UNREACHABLE_CODE = YES;
				CLANG_WARN__DUPLICATE_METHOD_MATCH = YES;
				COPY_PHASE_STRIP = NO;
				DEBUG_INFORMATION_FORMAT = dwarf;
				ENABLE_STRICT_OBJC_MSGSEND = YES;
				ENABLE_TESTABILITY = YES;
				ENABLE_USER_SCRIPT_SANDBOXING = YES;
				GCC_C_LANGUAGE_STANDARD = gnu17;
				GCC_DYNAMIC_NO_PIC = NO;
				GCC_NO_COMMON_BLOCKS = YES;
				GCC_OPTIMIZATION_LEVEL = 0;
				GCC_PREPROCESSOR_DEFINITIONS = (
					"DEBUG=1",
					"$(inherited)",
				);
				GCC_WARN_64_TO_32_BIT_CONVERSION = YES;
				GCC_WARN_ABOUT_RETURN_TYPE = YES_ERROR;
				GCC_WARN_UNDECLARED_SELECTOR = YES;
				GCC_WARN_UNINITIALIZED_AUTOS = YES_AGGRESSIVE;
				GCC_WARN_UNUSED_FUNCTION = YES;
				GCC_WARN_UNUSED_VARIABLE = YES;
				IPHONEOS_DEPLOYMENT_TARGET = 17.4;
				LOCALIZATION_PREFERS_STRING_CATALOGS = YES;
				MTL_ENABLE_DEBUG_INFO = INCLUDE_SOURCE;
				MTL_FAST_MATH = YES;
				ONLY_ACTIVE_ARCH = YES;
				SDKROOT = iphoneos;
				SWIFT_ACTIVE_COMPILATION_CONDITIONS = "DEBUG $(inherited)";
				SWIFT_OPTIMIZATION_LEVEL = "-Onone";
			};
			name = Debug;
		};
		8C0A02952BD50288002DB08A /* Release */ = {
			isa = XCBuildConfiguration;
			buildSettings = {
				ALWAYS_SEARCH_USER_PATHS = NO;
				ASSETCATALOG_COMPILER_GENERATE_SWIFT_ASSET_SYMBOL_EXTENSIONS = YES;
				CLANG_ANALYZER_NONNULL = YES;
				CLANG_ANALYZER_NUMBER_OBJECT_CONVERSION = YES_AGGRESSIVE;
				CLANG_CXX_LANGUAGE_STANDARD = "gnu++20";
				CLANG_ENABLE_MODULES = YES;
				CLANG_ENABLE_OBJC_ARC = YES;
				CLANG_ENABLE_OBJC_WEAK = YES;
				CLANG_WARN_BLOCK_CAPTURE_AUTORELEASING = YES;
				CLANG_WARN_BOOL_CONVERSION = YES;
				CLANG_WARN_COMMA = YES;
				CLANG_WARN_CONSTANT_CONVERSION = YES;
				CLANG_WARN_DEPRECATED_OBJC_IMPLEMENTATIONS = YES;
				CLANG_WARN_DIRECT_OBJC_ISA_USAGE = YES_ERROR;
				CLANG_WARN_DOCUMENTATION_COMMENTS = YES;
				CLANG_WARN_EMPTY_BODY = YES;
				CLANG_WARN_ENUM_CONVERSION = YES;
				CLANG_WARN_INFINITE_RECURSION = YES;
				CLANG_WARN_INT_CONVERSION = YES;
				CLANG_WARN_NON_LITERAL_NULL_CONVERSION = YES;
				CLANG_WARN_OBJC_IMPLICIT_RETAIN_SELF = YES;
				CLANG_WARN_OBJC_LITERAL_CONVERSION = YES;
				CLANG_WARN_OBJC_ROOT_CLASS = YES_ERROR;
				CLANG_WARN_QUOTED_INCLUDE_IN_FRAMEWORK_HEADER = YES;
				CLANG_WARN_RANGE_LOOP_ANALYSIS = YES;
				CLANG_WARN_STRICT_PROTOTYPES = YES;
				CLANG_WARN_SUSPICIOUS_MOVE = YES;
				CLANG_WARN_UNGUARDED_AVAILABILITY = YES_AGGRESSIVE;
				CLANG_WARN_UNREACHABLE_CODE = YES;
				CLANG_WARN__DUPLICATE_METHOD_MATCH = YES;
				COPY_PHASE_STRIP = NO;
				DEBUG_INFORMATION_FORMAT = "dwarf-with-dsym";
				ENABLE_NS_ASSERTIONS = NO;
				ENABLE_STRICT_OBJC_MSGSEND = YES;
				ENABLE_USER_SCRIPT_SANDBOXING = YES;
				GCC_C_LANGUAGE_STANDARD = gnu17;
				GCC_NO_COMMON_BLOCKS = YES;
				GCC_WARN_64_TO_32_BIT_CONVERSION = YES;
				GCC_WARN_ABOUT_RETURN_TYPE = YES_ERROR;
				GCC_WARN_UNDECLARED_SELECTOR = YES;
				GCC_WARN_UNINITIALIZED_AUTOS = YES_AGGRESSIVE;
				GCC_WARN_UNUSED_FUNCTION = YES;
				GCC_WARN_UNUSED_VARIABLE = YES;
				IPHONEOS_DEPLOYMENT_TARGET = 17.4;
				LOCALIZATION_PREFERS_STRING_CATALOGS = YES;
				MTL_ENABLE_DEBUG_INFO = NO;
				MTL_FAST_MATH = YES;
				SDKROOT = iphoneos;
				SWIFT_COMPILATION_MODE = wholemodule;
				VALIDATE_PRODUCT = YES;
			};
			name = Release;
		};
		8C0A02972BD50288002DB08A /* Debug */ = {
			isa = XCBuildConfiguration;
			buildSettings = {
				ASSETCATALOG_COMPILER_APPICON_NAME = AppIcon;
				ASSETCATALOG_COMPILER_GLOBAL_ACCENT_COLOR_NAME = AccentColor;
				CODE_SIGN_STYLE = Automatic;
				CURRENT_PROJECT_VERSION = 1;
				DEVELOPMENT_TEAM = FQNA3Y5XC9;
				GENERATE_INFOPLIST_FILE = YES;
				INFOPLIST_FILE = Countries/Resources/Info.plist;
				INFOPLIST_KEY_UIApplicationSupportsIndirectInputEvents = YES;
				INFOPLIST_KEY_UILaunchStoryboardName = LaunchScreen;
				INFOPLIST_KEY_UISupportedInterfaceOrientations_iPad = "UIInterfaceOrientationPortrait UIInterfaceOrientationPortraitUpsideDown UIInterfaceOrientationLandscapeLeft UIInterfaceOrientationLandscapeRight";
				INFOPLIST_KEY_UISupportedInterfaceOrientations_iPhone = "UIInterfaceOrientationPortrait UIInterfaceOrientationLandscapeLeft UIInterfaceOrientationLandscapeRight";
				LD_RUNPATH_SEARCH_PATHS = (
					"$(inherited)",
					"@executable_path/Frameworks",
				);
				MARKETING_VERSION = 1.0;
				PRODUCT_BUNDLE_IDENTIFIER = ge.academy.Countries;
				PRODUCT_NAME = "$(TARGET_NAME)";
				SWIFT_EMIT_LOC_STRINGS = YES;
				SWIFT_VERSION = 5.0;
				TARGETED_DEVICE_FAMILY = "1,2";
			};
			name = Debug;
		};
		8C0A02982BD50288002DB08A /* Release */ = {
			isa = XCBuildConfiguration;
			buildSettings = {
				ASSETCATALOG_COMPILER_APPICON_NAME = AppIcon;
				ASSETCATALOG_COMPILER_GLOBAL_ACCENT_COLOR_NAME = AccentColor;
				CODE_SIGN_STYLE = Automatic;
				CURRENT_PROJECT_VERSION = 1;
				DEVELOPMENT_TEAM = FQNA3Y5XC9;
				GENERATE_INFOPLIST_FILE = YES;
				INFOPLIST_FILE = Countries/Resources/Info.plist;
				INFOPLIST_KEY_UIApplicationSupportsIndirectInputEvents = YES;
				INFOPLIST_KEY_UILaunchStoryboardName = LaunchScreen;
				INFOPLIST_KEY_UISupportedInterfaceOrientations_iPad = "UIInterfaceOrientationPortrait UIInterfaceOrientationPortraitUpsideDown UIInterfaceOrientationLandscapeLeft UIInterfaceOrientationLandscapeRight";
				INFOPLIST_KEY_UISupportedInterfaceOrientations_iPhone = "UIInterfaceOrientationPortrait UIInterfaceOrientationLandscapeLeft UIInterfaceOrientationLandscapeRight";
				LD_RUNPATH_SEARCH_PATHS = (
					"$(inherited)",
					"@executable_path/Frameworks",
				);
				MARKETING_VERSION = 1.0;
				PRODUCT_BUNDLE_IDENTIFIER = ge.academy.Countries;
				PRODUCT_NAME = "$(TARGET_NAME)";
				SWIFT_EMIT_LOC_STRINGS = YES;
				SWIFT_VERSION = 5.0;
				TARGETED_DEVICE_FAMILY = "1,2";
			};
			name = Release;
		};
/* End XCBuildConfiguration section */

/* Begin XCConfigurationList section */
		8C0A027D2BD50286002DB08A /* Build configuration list for PBXProject "Countries" */ = {
			isa = XCConfigurationList;
			buildConfigurations = (
				8C0A02942BD50288002DB08A /* Debug */,
				8C0A02952BD50288002DB08A /* Release */,
			);
			defaultConfigurationIsVisible = 0;
			defaultConfigurationName = Release;
		};
		8C0A02962BD50288002DB08A /* Build configuration list for PBXNativeTarget "Countries" */ = {
			isa = XCConfigurationList;
			buildConfigurations = (
				8C0A02972BD50288002DB08A /* Debug */,
				8C0A02982BD50288002DB08A /* Release */,
			);
			defaultConfigurationIsVisible = 0;
			defaultConfigurationName = Release;
		};
/* End XCConfigurationList section */
	};
	rootObject = 8C0A027A2BD50286002DB08A /* Project object */;
}
